
Microsoft Visual Studio Solution File, Format Version 12.00
# Visual Studio 15
VisualStudioVersion = 15.0.28307.1831
MinimumVisualStudioVersion = 10.0.40219.1
Project("{FAE04EC0-301F-11D3-BF4B-00C04F79EFBC}") = "Racuni_V2", "Rauni_V2\Racuni_V2.csproj", "{B00D5158-C5CC-49A6-8057-B34188690209}"
EndProject
Global
	GlobalSection(SolutionConfigurationPlatforms) = preSolution
		Debug|Any CPU = Debug|Any CPU
		Release|Any CPU = Release|Any CPU
	EndGlobalSection
	GlobalSection(ProjectConfigurationPlatforms) = postSolution
		{B00D5158-C5CC-49A6-8057-B34188690209}.Debug|Any CPU.ActiveCfg = Debug|Any CPU
		{B00D5158-C5CC-49A6-8057-B34188690209}.Debug|Any CPU.Build.0 = Debug|Any CPU
		{B00D5158-C5CC-49A6-8057-B34188690209}.Release|Any CPU.ActiveCfg = Release|Any CPU
		{B00D5158-C5CC-49A6-8057-B34188690209}.Release|Any CPU.Build.0 = Release|Any CPU
	EndGlobalSection
	GlobalSection(SolutionProperties) = preSolution
		HideSolutionNode = FALSE
	EndGlobalSection
	GlobalSection(ExtensibilityGlobals) = postSolution
		SolutionGuid = {01C95E3D-F369-47E1-8894-41A6FDCD9AE3}
	EndGlobalSection
EndGlobal
